# THIS IS AN AUTOGENERATED FILE. DO NOT EDIT THIS FILE DIRECTLY.
# yarn lockfile v1


"@pkgr/core@^0.1.0":
  version "0.1.1"
  resolved "https://registry.yarnpkg.com/@pkgr/core/-/core-0.1.1.tgz#1ec17e2edbec25c8306d424ecfbf13c7de1aaa31"
  integrity sha512-cq8o4cWH0ibXh9VGi5P20Tu9XF/0fFXl9EUinr9QfTM7a7p0oTA4iJRCQWppXR1Pg8dSM0UCItCkPwsk9qWWYA==

"@trpc/server@^10.45.2":
  version "10.45.2"
  resolved "https://registry.yarnpkg.com/@trpc/server/-/server-10.45.2.tgz#5f2778c4810f93b5dc407146334f8da70a0b51fb"
  integrity sha512-wOrSThNNE4HUnuhJG6PfDRp4L2009KDVxsd+2VYH8ro6o/7/jwYZ8Uu5j+VaW+mOmc8EHerHzGcdbGNQSAUPgg==

eslint-plugin-prettier@^5.2.1:
  version "5.2.1"
  resolved "https://registry.yarnpkg.com/eslint-plugin-prettier/-/eslint-plugin-prettier-5.2.1.tgz#d1c8f972d8f60e414c25465c163d16f209411f95"
  integrity sha512-gH3iR3g4JfF+yYPaJYkN7jEl9QbweL/YfkoRlNnuIEHEz1vHVlCmWOS+eGGiRuzHQXdJFCOTxRgvju9b8VUmrw==
  dependencies:
    prettier-linter-helpers "^1.0.0"
    synckit "^0.9.1"

fast-diff@^1.1.2:
  version "1.3.0"
  resolved "https://registry.yarnpkg.com/fast-diff/-/fast-diff-1.3.0.tgz#ece407fa550a64d638536cd727e129c61616e0f0"
  integrity sha512-VxPP4NqbUjj6MaAOafWeUn2cXWLcCtljklUtZf0Ind4XQ+QPtmA0b18zZy0jIQx+ExRVCR/ZQpBmik5lXshNsw==

posthog-trpc@^0.1.0:
  version "0.1.0"
  resolved "https://registry.yarnpkg.com/posthog-trpc/-/posthog-trpc-0.1.0.tgz#8d281be55a0ab98c8f1ad8c242d1178d6878beed"
  integrity sha512-6ypfYBo305zy1DZ+70KRKGhbK4qI5G9758+cxkkfrpOjuG9pL9LdMCK23PyxsZb+LcyYFSCcievjILtfe+mw8w==
  dependencies:
    eslint-plugin-prettier "^5.2.1"

prettier-linter-helpers@^1.0.0:
  version "1.0.0"
  resolved "https://registry.yarnpkg.com/prettier-linter-helpers/-/prettier-linter-helpers-1.0.0.tgz#d23d41fe1375646de2d0104d3454a3008802cf7b"
  integrity sha512-GbK2cP9nraSSUF9N2XwUwqfzlAFlMNYYl+ShE/V+H8a9uNl/oUqB1w2EL54Jh0OlyRSd8RfWYJ3coVS4TROP2w==
  dependencies:
    fast-diff "^1.1.2"

synckit@^0.9.1:
  version "0.9.2"
  resolved "https://registry.yarnpkg.com/synckit/-/synckit-0.9.2.tgz#a3a935eca7922d48b9e7d6c61822ee6c3ae4ec62"
  integrity sha512-vrozgXDQwYO72vHjUb/HnFbQx1exDjoKzqx23aXEg2a9VIg2TSFZ8FmeZpTjUCFMYw7mpX4BE2SFu8wI7asYsw==
  dependencies:
    "@pkgr/core" "^0.1.0"
    tslib "^2.6.2"

tslib@^2.6.2:
  version "2.8.0"
  resolved "https://registry.yarnpkg.com/tslib/-/tslib-2.8.0.tgz#d124c86c3c05a40a91e6fdea4021bd31d377971b"
  integrity sha512-jWVzBLplnCmoaTr13V9dYbiQ99wvZRd0vNWaDRg+aVYRcjDF3nDksxFDE/+fkXnKhpnUUkmx5pK/v8mCtLVqZA==

typescript@^5.6.3:
  version "5.6.3"
  resolved "https://registry.yarnpkg.com/typescript/-/typescript-5.6.3.tgz#5f3449e31c9d94febb17de03cc081dd56d81db5b"
  integrity sha512-hjcS1mhfuyi4WW8IWtjP7brDrG2cuDZukyrYrSauoXGNgx0S7zceP07adYkJycEr56BOUTNPzbInooiN3fn1qw==
